
Microsoft Visual Studio Solution File, Format Version 12.00
# Visual Studio Version 17
VisualStudioVersion = 17.2.32526.322
MinimumVisualStudioVersion = 10.0.40219.1
Project("{FAE04EC0-301F-11D3-BF4B-00C04F79EFBC}") = "Ejercicio 1 - Etapa 3", "Ejercicio 1 - Etapa 3.csproj", "{FE04B8FC-EB4E-4964-AAF8-75F4E6C8FBEC}"
EndProject
Global
	GlobalSection(SolutionConfigurationPlatforms) = preSolution
		Debug|Any CPU = Debug|Any CPU
		Release|Any CPU = Release|Any CPU
	EndGlobalSection
	GlobalSection(ProjectConfigurationPlatforms) = postSolution
		{FE04B8FC-EB4E-4964-AAF8-75F4E6C8FBEC}.Debug|Any CPU.ActiveCfg = Debug|Any CPU
		{FE04B8FC-EB4E-4964-AAF8-75F4E6C8FBEC}.Debug|Any CPU.Build.0 = Debug|Any CPU
		{FE04B8FC-EB4E-4964-AAF8-75F4E6C8FBEC}.Release|Any CPU.ActiveCfg = Release|Any CPU
		{FE04B8FC-EB4E-4964-AAF8-75F4E6C8FBEC}.Release|Any CPU.Build.0 = Release|Any CPU
	EndGlobalSection
	GlobalSection(SolutionProperties) = preSolution
		HideSolutionNode = FALSE
	EndGlobalSection
	GlobalSection(ExtensibilityGlobals) = postSolution
		SolutionGuid = {9945C3F3-0761-45B4-98C0-5C8610A192FB}
	EndGlobalSection
EndGlobal
